// !$*UTF8*$!
{
	archiveVersion = 1;
	classes = {
	};
	objectVersion = 55;
	objects = {

/* Begin PBXBuildFile section */
		71810FB227984B0D0039036A /* TheMillionsApp.swift in Sources */ = {isa = PBXBuildFile; fileRef = 71810FB127984B0D0039036A /* TheMillionsApp.swift */; };
		71810FB427984B0D0039036A /* ContentView.swift in Sources */ = {isa = PBXBuildFile; fileRef = 71810FB327984B0D0039036A /* ContentView.swift */; };
		71810FB627984B0D0039036A /* Assets.xcassets in Resources */ = {isa = PBXBuildFile; fileRef = 71810FB527984B0D0039036A /* Assets.xcassets */; };
		71810FB927984B0D0039036A /* Preview Assets.xcassets in Resources */ = {isa = PBXBuildFile; fileRef = 71810FB827984B0D0039036A /* Preview Assets.xcassets */; };
		71810FC127984D330039036A /* Color.swift in Sources */ = {isa = PBXBuildFile; fileRef = 71810FC027984D330039036A /* Color.swift */; };
		71810FC827984F480039036A /* HomeView.swift in Sources */ = {isa = PBXBuildFile; fileRef = 71810FC727984F480039036A /* HomeView.swift */; };
		71810FCC2798504A0039036A /* CircleButtonView.swift in Sources */ = {isa = PBXBuildFile; fileRef = 71810FCB2798504A0039036A /* CircleButtonView.swift */; };
		71810FCE279853070039036A /* CircleButtonAnimationView.swift in Sources */ = {isa = PBXBuildFile; fileRef = 71810FCD279853070039036A /* CircleButtonAnimationView.swift */; };
		71810FD1279855210039036A /* CoinModel.swift in Sources */ = {isa = PBXBuildFile; fileRef = 71810FD0279855210039036A /* CoinModel.swift */; };
		71810FD327985B330039036A /* CoinRowListView.swift in Sources */ = {isa = PBXBuildFile; fileRef = 71810FD227985B330039036A /* CoinRowListView.swift */; };
		71810FD52798816E0039036A /* Double.swift in Sources */ = {isa = PBXBuildFile; fileRef = 71810FD42798816E0039036A /* Double.swift */; };
		71810FD8279882010039036A /* Constants.swift in Sources */ = {isa = PBXBuildFile; fileRef = 71810FD7279882010039036A /* Constants.swift */; };
		71810FDA2798831F0039036A /* Bundle-Version.swift in Sources */ = {isa = PBXBuildFile; fileRef = 71810FD92798831F0039036A /* Bundle-Version.swift */; };
		71E897F527988BB400BCEB89 /* HomeViewModel.swift in Sources */ = {isa = PBXBuildFile; fileRef = 71E897F427988BB400BCEB89 /* HomeViewModel.swift */; };
		71E897F8279891EC00BCEB89 /* CoinDataService.swift in Sources */ = {isa = PBXBuildFile; fileRef = 71E897F7279891EB00BCEB89 /* CoinDataService.swift */; };
		71E897FC27989E7100BCEB89 /* NetworkManager.swift in Sources */ = {isa = PBXBuildFile; fileRef = 71E897FB27989E7100BCEB89 /* NetworkManager.swift */; };
		71E897FF2798B65600BCEB89 /* CoinImageView.swift in Sources */ = {isa = PBXBuildFile; fileRef = 71E897FE2798B65600BCEB89 /* CoinImageView.swift */; };
		71E898012798B74B00BCEB89 /* CoinImageService.swift in Sources */ = {isa = PBXBuildFile; fileRef = 71E898002798B74B00BCEB89 /* CoinImageService.swift */; };
		71E898032798B86300BCEB89 /* CoinImageVIewModel.swift in Sources */ = {isa = PBXBuildFile; fileRef = 71E898022798B86300BCEB89 /* CoinImageVIewModel.swift */; };
		71E898072798BF4A00BCEB89 /* LocalFilemanager.swift in Sources */ = {isa = PBXBuildFile; fileRef = 71E898062798BF4A00BCEB89 /* LocalFilemanager.swift */; };
/* End PBXBuildFile section */

/* Begin PBXFileReference section */
		71810FAE27984B0D0039036A /* The Millions - Portfolio manager.app */ = {isa = PBXFileReference; explicitFileType = wrapper.application; includeInIndex = 0; path = "The Millions - Portfolio manager.app"; sourceTree = BUILT_PRODUCTS_DIR; };
		71810FB127984B0D0039036A /* TheMillionsApp.swift */ = {isa = PBXFileReference; lastKnownFileType = sourcecode.swift; path = TheMillionsApp.swift; sourceTree = "<group>"; };
		71810FB327984B0D0039036A /* ContentView.swift */ = {isa = PBXFileReference; lastKnownFileType = sourcecode.swift; path = ContentView.swift; sourceTree = "<group>"; };
		71810FB527984B0D0039036A /* Assets.xcassets */ = {isa = PBXFileReference; lastKnownFileType = folder.assetcatalog; path = Assets.xcassets; sourceTree = "<group>"; };
		71810FB827984B0D0039036A /* Preview Assets.xcassets */ = {isa = PBXFileReference; lastKnownFileType = folder.assetcatalog; path = "Preview Assets.xcassets"; sourceTree = "<group>"; };
		71810FC027984D330039036A /* Color.swift */ = {isa = PBXFileReference; lastKnownFileType = sourcecode.swift; path = Color.swift; sourceTree = "<group>"; };
		71810FC727984F480039036A /* HomeView.swift */ = {isa = PBXFileReference; lastKnownFileType = sourcecode.swift; path = HomeView.swift; sourceTree = "<group>"; };
		71810FCB2798504A0039036A /* CircleButtonView.swift */ = {isa = PBXFileReference; lastKnownFileType = sourcecode.swift; path = CircleButtonView.swift; sourceTree = "<group>"; };
		71810FCD279853070039036A /* CircleButtonAnimationView.swift */ = {isa = PBXFileReference; lastKnownFileType = sourcecode.swift; path = CircleButtonAnimationView.swift; sourceTree = "<group>"; };
		71810FD0279855210039036A /* CoinModel.swift */ = {isa = PBXFileReference; lastKnownFileType = sourcecode.swift; path = CoinModel.swift; sourceTree = "<group>"; };
		71810FD227985B330039036A /* CoinRowListView.swift */ = {isa = PBXFileReference; lastKnownFileType = sourcecode.swift; path = CoinRowListView.swift; sourceTree = "<group>"; };
		71810FD42798816E0039036A /* Double.swift */ = {isa = PBXFileReference; lastKnownFileType = sourcecode.swift; path = Double.swift; sourceTree = "<group>"; };
		71810FD7279882010039036A /* Constants.swift */ = {isa = PBXFileReference; lastKnownFileType = sourcecode.swift; path = Constants.swift; sourceTree = "<group>"; };
		71810FD92798831F0039036A /* Bundle-Version.swift */ = {isa = PBXFileReference; lastKnownFileType = sourcecode.swift; path = "Bundle-Version.swift"; sourceTree = "<group>"; };
		71E897F427988BB400BCEB89 /* HomeViewModel.swift */ = {isa = PBXFileReference; lastKnownFileType = sourcecode.swift; path = HomeViewModel.swift; sourceTree = "<group>"; };
		71E897F7279891EB00BCEB89 /* CoinDataService.swift */ = {isa = PBXFileReference; lastKnownFileType = sourcecode.swift; path = CoinDataService.swift; sourceTree = "<group>"; };
		71E897F92798963300BCEB89 /* TheMillions.entitlements */ = {isa = PBXFileReference; lastKnownFileType = text.plist.entitlements; path = TheMillions.entitlements; sourceTree = "<group>"; };
		71E897FB27989E7100BCEB89 /* NetworkManager.swift */ = {isa = PBXFileReference; lastKnownFileType = sourcecode.swift; path = NetworkManager.swift; sourceTree = "<group>"; };
		71E897FE2798B65600BCEB89 /* CoinImageView.swift */ = {isa = PBXFileReference; lastKnownFileType = sourcecode.swift; path = CoinImageView.swift; sourceTree = "<group>"; };
		71E898002798B74B00BCEB89 /* CoinImageService.swift */ = {isa = PBXFileReference; lastKnownFileType = sourcecode.swift; path = CoinImageService.swift; sourceTree = "<group>"; };
		71E898022798B86300BCEB89 /* CoinImageVIewModel.swift */ = {isa = PBXFileReference; lastKnownFileType = sourcecode.swift; path = CoinImageVIewModel.swift; sourceTree = "<group>"; };
		71E898062798BF4A00BCEB89 /* LocalFilemanager.swift */ = {isa = PBXFileReference; lastKnownFileType = sourcecode.swift; path = LocalFilemanager.swift; sourceTree = "<group>"; };
/* End PBXFileReference section */

/* Begin PBXFrameworksBuildPhase section */
		71810FAB27984B0D0039036A /* Frameworks */ = {
			isa = PBXFrameworksBuildPhase;
			buildActionMask = 2147483647;
			files = (
			);
			runOnlyForDeploymentPostprocessing = 0;
		};
/* End PBXFrameworksBuildPhase section */

/* Begin PBXGroup section */
		71810FA527984B0D0039036A = {
			isa = PBXGroup;
			children = (
				71810FB027984B0D0039036A /* TheMillions */,
				71810FAF27984B0D0039036A /* Products */,
			);
			sourceTree = "<group>";
		};
		71810FAF27984B0D0039036A /* Products */ = {
			isa = PBXGroup;
			children = (
				71810FAE27984B0D0039036A /* The Millions - Portfolio manager.app */,
			);
			name = Products;
			sourceTree = "<group>";
		};
		71810FB027984B0D0039036A /* TheMillions */ = {
			isa = PBXGroup;
			children = (
				71E897FA27989E4F00BCEB89 /* Utilities */,
				71E897F92798963300BCEB89 /* TheMillions.entitlements */,
				71810FB127984B0D0039036A /* TheMillionsApp.swift */,
				71810FCF2798550D0039036A /* Models */,
				71810FC9279850180039036A /* Components */,
				71810FC427984F190039036A /* Home */,
				71810FBF27984D250039036A /* Extensions */,
				71810FB527984B0D0039036A /* Assets.xcassets */,
				71810FB327984B0D0039036A /* ContentView.swift */,
				71810FD7279882010039036A /* Constants.swift */,
				71810FB727984B0D0039036A /* Preview Content */,
			);
			path = TheMillions;
			sourceTree = "<group>";
		};
		71810FB727984B0D0039036A /* Preview Content */ = {
			isa = PBXGroup;
			children = (
				71810FB827984B0D0039036A /* Preview Assets.xcassets */,
			);
			path = "Preview Content";
			sourceTree = "<group>";
		};
		71810FBF27984D250039036A /* Extensions */ = {
			isa = PBXGroup;
			children = (
				71810FC027984D330039036A /* Color.swift */,
				71810FD42798816E0039036A /* Double.swift */,
				71810FD92798831F0039036A /* Bundle-Version.swift */,
			);
			path = Extensions;
			sourceTree = "<group>";
		};
		71810FC427984F190039036A /* Home */ = {
			isa = PBXGroup;
			children = (
				71810FC527984F1E0039036A /* View */,
				71810FC627984F220039036A /* ViewModel */,
			);
			path = Home;
			sourceTree = "<group>";
		};
		71810FC527984F1E0039036A /* View */ = {
			isa = PBXGroup;
			children = (
				71810FC727984F480039036A /* HomeView.swift */,
				71810FD227985B330039036A /* CoinRowListView.swift */,
			);
			path = View;
			sourceTree = "<group>";
		};
		71810FC627984F220039036A /* ViewModel */ = {
			isa = PBXGroup;
			children = (
				71E897F427988BB400BCEB89 /* HomeViewModel.swift */,
			);
			path = ViewModel;
			sourceTree = "<group>";
		};
		71810FC9279850180039036A /* Components */ = {
			isa = PBXGroup;
			children = (
				71E897FD2798B64200BCEB89 /* CoinImage */,
				71810FCA2798503D0039036A /* CircleButton */,
			);
			path = Components;
			sourceTree = "<group>";
		};
		71810FCA2798503D0039036A /* CircleButton */ = {
			isa = PBXGroup;
			children = (
				71810FCB2798504A0039036A /* CircleButtonView.swift */,
				71810FCD279853070039036A /* CircleButtonAnimationView.swift */,
			);
			path = CircleButton;
			sourceTree = "<group>";
		};
		71810FCF2798550D0039036A /* Models */ = {
			isa = PBXGroup;
			children = (
				71810FD0279855210039036A /* CoinModel.swift */,
			);
			path = Models;
			sourceTree = "<group>";
		};
		71E897F6279891D100BCEB89 /* Services */ = {
			isa = PBXGroup;
			children = (
				71E897F7279891EB00BCEB89 /* CoinDataService.swift */,
				71E898002798B74B00BCEB89 /* CoinImageService.swift */,
			);
			path = Services;
			sourceTree = "<group>";
		};
		71E897FA27989E4F00BCEB89 /* Utilities */ = {
			isa = PBXGroup;
			children = (
				71E897F6279891D100BCEB89 /* Services */,
				71E897FB27989E7100BCEB89 /* NetworkManager.swift */,
				71E898062798BF4A00BCEB89 /* LocalFilemanager.swift */,
			);
			path = Utilities;
			sourceTree = "<group>";
		};
		71E897FD2798B64200BCEB89 /* CoinImage */ = {
			isa = PBXGroup;
			children = (
				71E897FE2798B65600BCEB89 /* CoinImageView.swift */,
				71E898022798B86300BCEB89 /* CoinImageVIewModel.swift */,
			);
			path = CoinImage;
			sourceTree = "<group>";
		};
/* End PBXGroup section */

/* Begin PBXNativeTarget section */
		71810FAD27984B0D0039036A /* TheMillions */ = {
			isa = PBXNativeTarget;
			buildConfigurationList = 71810FBC27984B0D0039036A /* Build configuration list for PBXNativeTarget "TheMillions" */;
			buildPhases = (
				71810FAA27984B0D0039036A /* Sources */,
				71810FAB27984B0D0039036A /* Frameworks */,
				71810FAC27984B0D0039036A /* Resources */,
			);
			buildRules = (
			);
			dependencies = (
			);
			name = TheMillions;
			productName = TheMillions;
			productReference = 71810FAE27984B0D0039036A /* The Millions - Portfolio manager.app */;
			productType = "com.apple.product-type.application";
		};
/* End PBXNativeTarget section */

/* Begin PBXProject section */
		71810FA627984B0D0039036A /* Project object */ = {
			isa = PBXProject;
			attributes = {
				BuildIndependentTargetsInParallel = 1;
				LastSwiftUpdateCheck = 1320;
				LastUpgradeCheck = 1320;
				TargetAttributes = {
					71810FAD27984B0D0039036A = {
						CreatedOnToolsVersion = 13.2.1;
					};
				};
			};
			buildConfigurationList = 71810FA927984B0D0039036A /* Build configuration list for PBXProject "TheMillions" */;
			compatibilityVersion = "Xcode 13.0";
			developmentRegion = en;
			hasScannedForEncodings = 0;
			knownRegions = (
				en,
				Base,
			);
			mainGroup = 71810FA527984B0D0039036A;
			productRefGroup = 71810FAF27984B0D0039036A /* Products */;
			projectDirPath = "";
			projectRoot = "";
			targets = (
				71810FAD27984B0D0039036A /* TheMillions */,
			);
		};
/* End PBXProject section */

/* Begin PBXResourcesBuildPhase section */
		71810FAC27984B0D0039036A /* Resources */ = {
			isa = PBXResourcesBuildPhase;
			buildActionMask = 2147483647;
			files = (
				71810FB927984B0D0039036A /* Preview Assets.xcassets in Resources */,
				71810FB627984B0D0039036A /* Assets.xcassets in Resources */,
			);
			runOnlyForDeploymentPostprocessing = 0;
		};
/* End PBXResourcesBuildPhase section */

/* Begin PBXSourcesBuildPhase section */
		71810FAA27984B0D0039036A /* Sources */ = {
			isa = PBXSourcesBuildPhase;
			buildActionMask = 2147483647;
			files = (
				71810FD327985B330039036A /* CoinRowListView.swift in Sources */,
				71E898072798BF4A00BCEB89 /* LocalFilemanager.swift in Sources */,
				71810FB427984B0D0039036A /* ContentView.swift in Sources */,
				71810FC827984F480039036A /* HomeView.swift in Sources */,
				71810FDA2798831F0039036A /* Bundle-Version.swift in Sources */,
				71810FB227984B0D0039036A /* TheMillionsApp.swift in Sources */,
				71E897F8279891EC00BCEB89 /* CoinDataService.swift in Sources */,
				71810FCC2798504A0039036A /* CircleButtonView.swift in Sources */,
				71810FD8279882010039036A /* Constants.swift in Sources */,
				71E897F527988BB400BCEB89 /* HomeViewModel.swift in Sources */,
				71810FC127984D330039036A /* Color.swift in Sources */,
				71E897FC27989E7100BCEB89 /* NetworkManager.swift in Sources */,
				71E898032798B86300BCEB89 /* CoinImageVIewModel.swift in Sources */,
				71E897FF2798B65600BCEB89 /* CoinImageView.swift in Sources */,
				71810FCE279853070039036A /* CircleButtonAnimationView.swift in Sources */,
				71810FD52798816E0039036A /* Double.swift in Sources */,
				71E898012798B74B00BCEB89 /* CoinImageService.swift in Sources */,
				71810FD1279855210039036A /* CoinModel.swift in Sources */,
			);
			runOnlyForDeploymentPostprocessing = 0;
		};
/* End PBXSourcesBuildPhase section */

/* Begin XCBuildConfiguration section */
		71810FBA27984B0D0039036A /* Debug */ = {
			isa = XCBuildConfiguration;
			buildSettings = {
				ALWAYS_SEARCH_USER_PATHS = NO;
				CLANG_ANALYZER_NONNULL = YES;
				CLANG_ANALYZER_NUMBER_OBJECT_CONVERSION = YES_AGGRESSIVE;
				CLANG_CXX_LANGUAGE_STANDARD = "gnu++17";
				CLANG_CXX_LIBRARY = "libc++";
				CLANG_ENABLE_MODULES = YES;
				CLANG_ENABLE_OBJC_ARC = YES;
				CLANG_ENABLE_OBJC_WEAK = YES;
				CLANG_WARN_BLOCK_CAPTURE_AUTORELEASING = YES;
				CLANG_WARN_BOOL_CONVERSION = YES;
				CLANG_WARN_COMMA = YES;
				CLANG_WARN_CONSTANT_CONVERSION = YES;
				CLANG_WARN_DEPRECATED_OBJC_IMPLEMENTATIONS = YES;
				CLANG_WARN_DIRECT_OBJC_ISA_USAGE = YES_ERROR;
				CLANG_WARN_DOCUMENTATION_COMMENTS = YES;
				CLANG_WARN_EMPTY_BODY = YES;
				CLANG_WARN_ENUM_CONVERSION = YES;
				CLANG_WARN_INFINITE_RECURSION = YES;
				CLANG_WARN_INT_CONVERSION = YES;
				CLANG_WARN_NON_LITERAL_NULL_CONVERSION = YES;
				CLANG_WARN_OBJC_IMPLICIT_RETAIN_SELF = YES;
				CLANG_WARN_OBJC_LITERAL_CONVERSION = YES;
				CLANG_WARN_OBJC_ROOT_CLASS = YES_ERROR;
				CLANG_WARN_QUOTED_INCLUDE_IN_FRAMEWORK_HEADER = YES;
				CLANG_WARN_RANGE_LOOP_ANALYSIS = YES;
				CLANG_WARN_STRICT_PROTOTYPES = YES;
				CLANG_WARN_SUSPICIOUS_MOVE = YES;
				CLANG_WARN_UNGUARDED_AVAILABILITY = YES_AGGRESSIVE;
				CLANG_WARN_UNREACHABLE_CODE = YES;
				CLANG_WARN__DUPLICATE_METHOD_MATCH = YES;
				COPY_PHASE_STRIP = NO;
				DEBUG_INFORMATION_FORMAT = dwarf;
				ENABLE_STRICT_OBJC_MSGSEND = YES;
				ENABLE_TESTABILITY = YES;
				GCC_C_LANGUAGE_STANDARD = gnu11;
				GCC_DYNAMIC_NO_PIC = NO;
				GCC_NO_COMMON_BLOCKS = YES;
				GCC_OPTIMIZATION_LEVEL = 0;
				GCC_PREPROCESSOR_DEFINITIONS = (
					"DEBUG=1",
					"$(inherited)",
				);
				GCC_WARN_64_TO_32_BIT_CONVERSION = YES;
				GCC_WARN_ABOUT_RETURN_TYPE = YES_ERROR;
				GCC_WARN_UNDECLARED_SELECTOR = YES;
				GCC_WARN_UNINITIALIZED_AUTOS = YES_AGGRESSIVE;
				GCC_WARN_UNUSED_FUNCTION = YES;
				GCC_WARN_UNUSED_VARIABLE = YES;
				IPHONEOS_DEPLOYMENT_TARGET = 15.2;
				MTL_ENABLE_DEBUG_INFO = INCLUDE_SOURCE;
				MTL_FAST_MATH = YES;
				ONLY_ACTIVE_ARCH = YES;
				SDKROOT = iphoneos;
				SWIFT_ACTIVE_COMPILATION_CONDITIONS = DEBUG;
				SWIFT_OPTIMIZATION_LEVEL = "-Onone";
			};
			name = Debug;
		};
		71810FBB27984B0D0039036A /* Release */ = {
			isa = XCBuildConfiguration;
			buildSettings = {
				ALWAYS_SEARCH_USER_PATHS = NO;
				CLANG_ANALYZER_NONNULL = YES;
				CLANG_ANALYZER_NUMBER_OBJECT_CONVERSION = YES_AGGRESSIVE;
				CLANG_CXX_LANGUAGE_STANDARD = "gnu++17";
				CLANG_CXX_LIBRARY = "libc++";
				CLANG_ENABLE_MODULES = YES;
				CLANG_ENABLE_OBJC_ARC = YES;
				CLANG_ENABLE_OBJC_WEAK = YES;
				CLANG_WARN_BLOCK_CAPTURE_AUTORELEASING = YES;
				CLANG_WARN_BOOL_CONVERSION = YES;
				CLANG_WARN_COMMA = YES;
				CLANG_WARN_CONSTANT_CONVERSION = YES;
				CLANG_WARN_DEPRECATED_OBJC_IMPLEMENTATIONS = YES;
				CLANG_WARN_DIRECT_OBJC_ISA_USAGE = YES_ERROR;
				CLANG_WARN_DOCUMENTATION_COMMENTS = YES;
				CLANG_WARN_EMPTY_BODY = YES;
				CLANG_WARN_ENUM_CONVERSION = YES;
				CLANG_WARN_INFINITE_RECURSION = YES;
				CLANG_WARN_INT_CONVERSION = YES;
				CLANG_WARN_NON_LITERAL_NULL_CONVERSION = YES;
				CLANG_WARN_OBJC_IMPLICIT_RETAIN_SELF = YES;
				CLANG_WARN_OBJC_LITERAL_CONVERSION = YES;
				CLANG_WARN_OBJC_ROOT_CLASS = YES_ERROR;
				CLANG_WARN_QUOTED_INCLUDE_IN_FRAMEWORK_HEADER = YES;
				CLANG_WARN_RANGE_LOOP_ANALYSIS = YES;
				CLANG_WARN_STRICT_PROTOTYPES = YES;
				CLANG_WARN_SUSPICIOUS_MOVE = YES;
				CLANG_WARN_UNGUARDED_AVAILABILITY = YES_AGGRESSIVE;
				CLANG_WARN_UNREACHABLE_CODE = YES;
				CLANG_WARN__DUPLICATE_METHOD_MATCH = YES;
				COPY_PHASE_STRIP = NO;
				DEBUG_INFORMATION_FORMAT = "dwarf-with-dsym";
				ENABLE_NS_ASSERTIONS = NO;
				ENABLE_STRICT_OBJC_MSGSEND = YES;
				GCC_C_LANGUAGE_STANDARD = gnu11;
				GCC_NO_COMMON_BLOCKS = YES;
				GCC_WARN_64_TO_32_BIT_CONVERSION = YES;
				GCC_WARN_ABOUT_RETURN_TYPE = YES_ERROR;
				GCC_WARN_UNDECLARED_SELECTOR = YES;
				GCC_WARN_UNINITIALIZED_AUTOS = YES_AGGRESSIVE;
				GCC_WARN_UNUSED_FUNCTION = YES;
				GCC_WARN_UNUSED_VARIABLE = YES;
				IPHONEOS_DEPLOYMENT_TARGET = 15.2;
				MTL_ENABLE_DEBUG_INFO = NO;
				MTL_FAST_MATH = YES;
				SDKROOT = iphoneos;
				SWIFT_COMPILATION_MODE = wholemodule;
				SWIFT_OPTIMIZATION_LEVEL = "-O";
				VALIDATE_PRODUCT = YES;
			};
			name = Release;
		};
		71810FBD27984B0D0039036A /* Debug */ = {
			isa = XCBuildConfiguration;
			buildSettings = {
				ASSETCATALOG_COMPILER_APPICON_NAME = AppIcon;
				ASSETCATALOG_COMPILER_GLOBAL_ACCENT_COLOR_NAME = AccentColor;
				CODE_SIGN_ENTITLEMENTS = TheMillions/TheMillions.entitlements;
				CODE_SIGN_STYLE = Automatic;
				CURRENT_PROJECT_VERSION = 1;
				DEVELOPMENT_ASSET_PATHS = "\"TheMillions/Preview Content\"";
				DEVELOPMENT_TEAM = G6V85GALCN;
				ENABLE_PREVIEWS = YES;
				GENERATE_INFOPLIST_FILE = YES;
				INFOPLIST_KEY_UIApplicationSceneManifest_Generation = YES;
				INFOPLIST_KEY_UIApplicationSupportsIndirectInputEvents = YES;
				INFOPLIST_KEY_UILaunchScreen_Generation = YES;
				INFOPLIST_KEY_UISupportedInterfaceOrientations = "";
				INFOPLIST_KEY_UISupportedInterfaceOrientations_iPad = "UIInterfaceOrientationPortrait UIInterfaceOrientationPortraitUpsideDown UIInterfaceOrientationLandscapeLeft UIInterfaceOrientationLandscapeRight";
				INFOPLIST_KEY_UISupportedInterfaceOrientations_iPhone = "UIInterfaceOrientationPortrait UIInterfaceOrientationLandscapeLeft UIInterfaceOrientationLandscapeRight";
				IPHONEOS_DEPLOYMENT_TARGET = 15.2;
				LD_RUNPATH_SEARCH_PATHS = (
					"$(inherited)",
					"@executable_path/Frameworks",
				);
				MARKETING_VERSION = 1.0.0;
				PRODUCT_BUNDLE_IDENTIFIER = net.naolin.TheMillions;
				PRODUCT_NAME = "The Millions - Portfolio manager";
				SUPPORTS_MACCATALYST = NO;
				SWIFT_EMIT_LOC_STRINGS = YES;
				SWIFT_VERSION = 5.0;
				TARGETED_DEVICE_FAMILY = "1,2";
			};
			name = Debug;
		};
		71810FBE27984B0D0039036A /* Release */ = {
			isa = XCBuildConfiguration;
			buildSettings = {
				ASSETCATALOG_COMPILER_APPICON_NAME = AppIcon;
				ASSETCATALOG_COMPILER_GLOBAL_ACCENT_COLOR_NAME = AccentColor;
				CODE_SIGN_ENTITLEMENTS = TheMillions/TheMillions.entitlements;
				CODE_SIGN_STYLE = Automatic;
				CURRENT_PROJECT_VERSION = 1;
				DEVELOPMENT_ASSET_PATHS = "\"TheMillions/Preview Content\"";
				DEVELOPMENT_TEAM = G6V85GALCN;
				ENABLE_PREVIEWS = YES;
				GENERATE_INFOPLIST_FILE = YES;
				INFOPLIST_KEY_UIApplicationSceneManifest_Generation = YES;
				INFOPLIST_KEY_UIApplicationSupportsIndirectInputEvents = YES;
				INFOPLIST_KEY_UILaunchScreen_Generation = YES;
				INFOPLIST_KEY_UISupportedInterfaceOrientations = "";
				INFOPLIST_KEY_UISupportedInterfaceOrientations_iPad = "UIInterfaceOrientationPortrait UIInterfaceOrientationPortraitUpsideDown UIInterfaceOrientationLandscapeLeft UIInterfaceOrientationLandscapeRight";
				INFOPLIST_KEY_UISupportedInterfaceOrientations_iPhone = "UIInterfaceOrientationPortrait UIInterfaceOrientationLandscapeLeft UIInterfaceOrientationLandscapeRight";
				IPHONEOS_DEPLOYMENT_TARGET = 15.2;
				LD_RUNPATH_SEARCH_PATHS = (
					"$(inherited)",
					"@executable_path/Frameworks",
				);
				MARKETING_VERSION = 1.0.0;
				PRODUCT_BUNDLE_IDENTIFIER = net.naolin.TheMillions;
				PRODUCT_NAME = "The Millions - Portfolio manager";
				SUPPORTS_MACCATALYST = NO;
				SWIFT_EMIT_LOC_STRINGS = YES;
				SWIFT_VERSION = 5.0;
				TARGETED_DEVICE_FAMILY = "1,2";
			};
			name = Release;
		};
/* End XCBuildConfiguration section */

/* Begin XCConfigurationList section */
		71810FA927984B0D0039036A /* Build configuration list for PBXProject "TheMillions" */ = {
			isa = XCConfigurationList;
			buildConfigurations = (
				71810FBA27984B0D0039036A /* Debug */,
				71810FBB27984B0D0039036A /* Release */,
			);
			defaultConfigurationIsVisible = 0;
			defaultConfigurationName = Release;
		};
		71810FBC27984B0D0039036A /* Build configuration list for PBXNativeTarget "TheMillions" */ = {
			isa = XCConfigurationList;
			buildConfigurations = (
				71810FBD27984B0D0039036A /* Debug */,
				71810FBE27984B0D0039036A /* Release */,
			);
			defaultConfigurationIsVisible = 0;
			defaultConfigurationName = Release;
		};
/* End XCConfigurationList section */
	};
	rootObject = 71810FA627984B0D0039036A /* Project object */;
}
