// !$*UTF8*$!
{
	archiveVersion = 1;
	classes = {
	};
	objectVersion = 55;
	objects = {

/* Begin PBXBuildFile section */
		7113A3EC279EA30A0034A1AB /* BetterSafariView in Frameworks */ = {isa = PBXBuildFile; productRef = 7113A3EB279EA30A0034A1AB /* BetterSafariView */; };
		7113A3F1279EA3700034A1AB /* SecurityView.swift in Sources */ = {isa = PBXBuildFile; fileRef = 7113A3ED279EA3700034A1AB /* SecurityView.swift */; };
		7113A3F2279EA3700034A1AB /* MailView.swift in Sources */ = {isa = PBXBuildFile; fileRef = 7113A3EE279EA3700034A1AB /* MailView.swift */; };
		7113A3F3279EA3700034A1AB /* CustomizationView.swift in Sources */ = {isa = PBXBuildFile; fileRef = 7113A3EF279EA3700034A1AB /* CustomizationView.swift */; };
		7113A3F4279EA3700034A1AB /* SystemThemeManager.swift in Sources */ = {isa = PBXBuildFile; fileRef = 7113A3F0279EA3700034A1AB /* SystemThemeManager.swift */; };
		7113A3F7279EA3D70034A1AB /* DataController-Settings.swift in Sources */ = {isa = PBXBuildFile; fileRef = 7113A3F6279EA3D70034A1AB /* DataController-Settings.swift */; };
		7113A3FB279EA4630034A1AB /* AppLockViewModel.swift in Sources */ = {isa = PBXBuildFile; fileRef = 7113A3F9279EA4630034A1AB /* AppLockViewModel.swift */; };
		7113A3FC279EA4630034A1AB /* LockedView.swift in Sources */ = {isa = PBXBuildFile; fileRef = 7113A3FA279EA4630034A1AB /* LockedView.swift */; };
		7113A3FE279EA4900034A1AB /* NavigationBackButton.swift in Sources */ = {isa = PBXBuildFile; fileRef = 7113A3FD279EA4900034A1AB /* NavigationBackButton.swift */; };
		7113A400279EAA510034A1AB /* AppDelegate.swift in Sources */ = {isa = PBXBuildFile; fileRef = 7113A3FF279EAA510034A1AB /* AppDelegate.swift */; };
		7113A402279F333C0034A1AB /* Launch Screen.storyboard in Resources */ = {isa = PBXBuildFile; fileRef = 7113A401279F333C0034A1AB /* Launch Screen.storyboard */; };
		7113A405279F36190034A1AB /* LaunchView.swift in Sources */ = {isa = PBXBuildFile; fileRef = 7113A404279F36190034A1AB /* LaunchView.swift */; };
		711CAE562799577300445A98 /* SearchBarView.swift in Sources */ = {isa = PBXBuildFile; fileRef = 711CAE552799577300445A98 /* SearchBarView.swift */; };
		7146BF26279DEA6500FBB88E /* LineChartView.swift in Sources */ = {isa = PBXBuildFile; fileRef = 7146BF25279DEA6500FBB88E /* LineChartView.swift */; };
		7146BF28279DEF0100FBB88E /* Date.swift in Sources */ = {isa = PBXBuildFile; fileRef = 7146BF27279DEF0100FBB88E /* Date.swift */; };
		7146BF2A279DF71F00FBB88E /* String.swift in Sources */ = {isa = PBXBuildFile; fileRef = 7146BF29279DF71F00FBB88E /* String.swift */; };
		7146BF2E279DFACD00FBB88E /* SettingsView.swift in Sources */ = {isa = PBXBuildFile; fileRef = 7146BF2D279DFACD00FBB88E /* SettingsView.swift */; };
		71810FB227984B0D0039036A /* TheMillionsApp.swift in Sources */ = {isa = PBXBuildFile; fileRef = 71810FB127984B0D0039036A /* TheMillionsApp.swift */; };
		71810FB427984B0D0039036A /* ContentView.swift in Sources */ = {isa = PBXBuildFile; fileRef = 71810FB327984B0D0039036A /* ContentView.swift */; };
		71810FB627984B0D0039036A /* Assets.xcassets in Resources */ = {isa = PBXBuildFile; fileRef = 71810FB527984B0D0039036A /* Assets.xcassets */; };
		71810FB927984B0D0039036A /* Preview Assets.xcassets in Resources */ = {isa = PBXBuildFile; fileRef = 71810FB827984B0D0039036A /* Preview Assets.xcassets */; };
		71810FC127984D330039036A /* Color.swift in Sources */ = {isa = PBXBuildFile; fileRef = 71810FC027984D330039036A /* Color.swift */; };
		71810FC827984F480039036A /* HomeView.swift in Sources */ = {isa = PBXBuildFile; fileRef = 71810FC727984F480039036A /* HomeView.swift */; };
		71810FCC2798504A0039036A /* CircleButtonView.swift in Sources */ = {isa = PBXBuildFile; fileRef = 71810FCB2798504A0039036A /* CircleButtonView.swift */; };
		71810FCE279853070039036A /* CircleButtonAnimationView.swift in Sources */ = {isa = PBXBuildFile; fileRef = 71810FCD279853070039036A /* CircleButtonAnimationView.swift */; };
		71810FD1279855210039036A /* CoinModel.swift in Sources */ = {isa = PBXBuildFile; fileRef = 71810FD0279855210039036A /* CoinModel.swift */; };
		71810FD327985B330039036A /* CoinRowListView.swift in Sources */ = {isa = PBXBuildFile; fileRef = 71810FD227985B330039036A /* CoinRowListView.swift */; };
		71810FD52798816E0039036A /* Double.swift in Sources */ = {isa = PBXBuildFile; fileRef = 71810FD42798816E0039036A /* Double.swift */; };
		71810FD8279882010039036A /* Constants.swift in Sources */ = {isa = PBXBuildFile; fileRef = 71810FD7279882010039036A /* Constants.swift */; };
		71810FDA2798831F0039036A /* Bundle-Version.swift in Sources */ = {isa = PBXBuildFile; fileRef = 71810FD92798831F0039036A /* Bundle-Version.swift */; };
		7181CA4127DB9E2000867ACF /* PartialSheet in Frameworks */ = {isa = PBXBuildFile; productRef = 7181CA4027DB9E2000867ACF /* PartialSheet */; };
		71843BC8279ADEF3007F70F0 /* CloudKit.framework in Frameworks */ = {isa = PBXBuildFile; fileRef = 71843BC7279ADEF3007F70F0 /* CloudKit.framework */; };
		71843BCB279ADF2E007F70F0 /* Portfolio.xcdatamodeld in Sources */ = {isa = PBXBuildFile; fileRef = 71843BC9279ADF2E007F70F0 /* Portfolio.xcdatamodeld */; };
		71843BCD279ADFA3007F70F0 /* DataController.swift in Sources */ = {isa = PBXBuildFile; fileRef = 71843BCC279ADFA3007F70F0 /* DataController.swift */; };
		71843BCF279AE912007F70F0 /* DataController-CloudKit.swift in Sources */ = {isa = PBXBuildFile; fileRef = 71843BCE279AE912007F70F0 /* DataController-CloudKit.swift */; };
		71843BD1279AEA1E007F70F0 /* CoreDataHelper.swift in Sources */ = {isa = PBXBuildFile; fileRef = 71843BD0279AEA1E007F70F0 /* CoreDataHelper.swift */; };
		71902DCF279C66CF00A107C9 /* DetailView.swift in Sources */ = {isa = PBXBuildFile; fileRef = 71902DCE279C66CF00A107C9 /* DetailView.swift */; };
		71902DD1279D660300A107C9 /* CoinDetail.swift in Sources */ = {isa = PBXBuildFile; fileRef = 71902DD0279D660300A107C9 /* CoinDetail.swift */; };
		71902DD3279D680F00A107C9 /* DetailViewModel.swift in Sources */ = {isa = PBXBuildFile; fileRef = 71902DD2279D680F00A107C9 /* DetailViewModel.swift */; };
		71902DD5279D683A00A107C9 /* CoinDetailService.swift in Sources */ = {isa = PBXBuildFile; fileRef = 71902DD4279D683A00A107C9 /* CoinDetailService.swift */; };
		7191826127D9D50200A34695 /* DetailAddPortfolioView.swift in Sources */ = {isa = PBXBuildFile; fileRef = 7191826027D9D50200A34695 /* DetailAddPortfolioView.swift */; };
		7191826427D9FA9300A34695 /* SwiftUIPullToRefresh in Frameworks */ = {isa = PBXBuildFile; productRef = 7191826327D9FA9300A34695 /* SwiftUIPullToRefresh */; };
		71C21EC627D70E0500DB3FBF /* FloatingTabBar.swift in Sources */ = {isa = PBXBuildFile; fileRef = 71C21EC527D70E0500DB3FBF /* FloatingTabBar.swift */; };
		71C21EC827D719CA00DB3FBF /* HomeView2.swift in Sources */ = {isa = PBXBuildFile; fileRef = 71C21EC727D719CA00DB3FBF /* HomeView2.swift */; };
		71C9380427995AF7003B3235 /* UIApplication.swift in Sources */ = {isa = PBXBuildFile; fileRef = 71C9380327995AF7003B3235 /* UIApplication.swift */; };
		71C93806279A050E003B3235 /* StatsModel.swift in Sources */ = {isa = PBXBuildFile; fileRef = 71C93805279A050E003B3235 /* StatsModel.swift */; };
		71C9380A279A0619003B3235 /* StatsView.swift in Sources */ = {isa = PBXBuildFile; fileRef = 71C93809279A0619003B3235 /* StatsView.swift */; };
		71C9380C279A08E6003B3235 /* HomeStatsView.swift in Sources */ = {isa = PBXBuildFile; fileRef = 71C9380B279A08E6003B3235 /* HomeStatsView.swift */; };
		71C9380E279A127F003B3235 /* MarketData.swift in Sources */ = {isa = PBXBuildFile; fileRef = 71C9380D279A127F003B3235 /* MarketData.swift */; };
		71C93810279A148D003B3235 /* MarketDataService.swift in Sources */ = {isa = PBXBuildFile; fileRef = 71C9380F279A148D003B3235 /* MarketDataService.swift */; };
		71C93812279A19A6003B3235 /* PortfolioView.swift in Sources */ = {isa = PBXBuildFile; fileRef = 71C93811279A19A6003B3235 /* PortfolioView.swift */; };
		71C93816279A1F27003B3235 /* CoinLogoView.swift in Sources */ = {isa = PBXBuildFile; fileRef = 71C93815279A1F27003B3235 /* CoinLogoView.swift */; };
		71E897F527988BB400BCEB89 /* HomeViewModel.swift in Sources */ = {isa = PBXBuildFile; fileRef = 71E897F427988BB400BCEB89 /* HomeViewModel.swift */; };
		71E897F8279891EC00BCEB89 /* CoinDataService.swift in Sources */ = {isa = PBXBuildFile; fileRef = 71E897F7279891EB00BCEB89 /* CoinDataService.swift */; };
		71E897FC27989E7100BCEB89 /* NetworkManager.swift in Sources */ = {isa = PBXBuildFile; fileRef = 71E897FB27989E7100BCEB89 /* NetworkManager.swift */; };
		71E897FF2798B65600BCEB89 /* CoinImageView.swift in Sources */ = {isa = PBXBuildFile; fileRef = 71E897FE2798B65600BCEB89 /* CoinImageView.swift */; };
		71E898012798B74B00BCEB89 /* CoinImageService.swift in Sources */ = {isa = PBXBuildFile; fileRef = 71E898002798B74B00BCEB89 /* CoinImageService.swift */; };
		71E898032798B86300BCEB89 /* CoinImageVIewModel.swift in Sources */ = {isa = PBXBuildFile; fileRef = 71E898022798B86300BCEB89 /* CoinImageVIewModel.swift */; };
		71E898072798BF4A00BCEB89 /* LocalFilemanager.swift in Sources */ = {isa = PBXBuildFile; fileRef = 71E898062798BF4A00BCEB89 /* LocalFilemanager.swift */; };
/* End PBXBuildFile section */

/* Begin PBXFileReference section */
		7113A3ED279EA3700034A1AB /* SecurityView.swift */ = {isa = PBXFileReference; fileEncoding = 4; lastKnownFileType = sourcecode.swift; path = SecurityView.swift; sourceTree = "<group>"; };
		7113A3EE279EA3700034A1AB /* MailView.swift */ = {isa = PBXFileReference; fileEncoding = 4; lastKnownFileType = sourcecode.swift; path = MailView.swift; sourceTree = "<group>"; };
		7113A3EF279EA3700034A1AB /* CustomizationView.swift */ = {isa = PBXFileReference; fileEncoding = 4; lastKnownFileType = sourcecode.swift; path = CustomizationView.swift; sourceTree = "<group>"; };
		7113A3F0279EA3700034A1AB /* SystemThemeManager.swift */ = {isa = PBXFileReference; fileEncoding = 4; lastKnownFileType = sourcecode.swift; path = SystemThemeManager.swift; sourceTree = "<group>"; };
		7113A3F6279EA3D70034A1AB /* DataController-Settings.swift */ = {isa = PBXFileReference; lastKnownFileType = sourcecode.swift; path = "DataController-Settings.swift"; sourceTree = "<group>"; };
		7113A3F9279EA4630034A1AB /* AppLockViewModel.swift */ = {isa = PBXFileReference; fileEncoding = 4; lastKnownFileType = sourcecode.swift; path = AppLockViewModel.swift; sourceTree = "<group>"; };
		7113A3FA279EA4630034A1AB /* LockedView.swift */ = {isa = PBXFileReference; fileEncoding = 4; lastKnownFileType = sourcecode.swift; path = LockedView.swift; sourceTree = "<group>"; };
		7113A3FD279EA4900034A1AB /* NavigationBackButton.swift */ = {isa = PBXFileReference; fileEncoding = 4; lastKnownFileType = sourcecode.swift; path = NavigationBackButton.swift; sourceTree = "<group>"; };
		7113A3FF279EAA510034A1AB /* AppDelegate.swift */ = {isa = PBXFileReference; lastKnownFileType = sourcecode.swift; path = AppDelegate.swift; sourceTree = "<group>"; };
		7113A401279F333C0034A1AB /* Launch Screen.storyboard */ = {isa = PBXFileReference; lastKnownFileType = file.storyboard; path = "Launch Screen.storyboard"; sourceTree = "<group>"; };
		7113A404279F36190034A1AB /* LaunchView.swift */ = {isa = PBXFileReference; lastKnownFileType = sourcecode.swift; path = LaunchView.swift; sourceTree = "<group>"; };
		711CAE552799577300445A98 /* SearchBarView.swift */ = {isa = PBXFileReference; lastKnownFileType = sourcecode.swift; path = SearchBarView.swift; sourceTree = "<group>"; };
		7146BF25279DEA6500FBB88E /* LineChartView.swift */ = {isa = PBXFileReference; lastKnownFileType = sourcecode.swift; path = LineChartView.swift; sourceTree = "<group>"; };
		7146BF27279DEF0100FBB88E /* Date.swift */ = {isa = PBXFileReference; lastKnownFileType = sourcecode.swift; path = Date.swift; sourceTree = "<group>"; };
		7146BF29279DF71F00FBB88E /* String.swift */ = {isa = PBXFileReference; lastKnownFileType = sourcecode.swift; path = String.swift; sourceTree = "<group>"; };
		7146BF2D279DFACD00FBB88E /* SettingsView.swift */ = {isa = PBXFileReference; lastKnownFileType = sourcecode.swift; path = SettingsView.swift; sourceTree = "<group>"; };
		71810FAE27984B0D0039036A /* The Millions - Portfolio manager.app */ = {isa = PBXFileReference; explicitFileType = wrapper.application; includeInIndex = 0; path = "The Millions - Portfolio manager.app"; sourceTree = BUILT_PRODUCTS_DIR; };
		71810FB127984B0D0039036A /* TheMillionsApp.swift */ = {isa = PBXFileReference; lastKnownFileType = sourcecode.swift; path = TheMillionsApp.swift; sourceTree = "<group>"; };
		71810FB327984B0D0039036A /* ContentView.swift */ = {isa = PBXFileReference; lastKnownFileType = sourcecode.swift; path = ContentView.swift; sourceTree = "<group>"; };
		71810FB527984B0D0039036A /* Assets.xcassets */ = {isa = PBXFileReference; lastKnownFileType = folder.assetcatalog; path = Assets.xcassets; sourceTree = "<group>"; };
		71810FB827984B0D0039036A /* Preview Assets.xcassets */ = {isa = PBXFileReference; lastKnownFileType = folder.assetcatalog; path = "Preview Assets.xcassets"; sourceTree = "<group>"; };
		71810FC027984D330039036A /* Color.swift */ = {isa = PBXFileReference; lastKnownFileType = sourcecode.swift; path = Color.swift; sourceTree = "<group>"; };
		71810FC727984F480039036A /* HomeView.swift */ = {isa = PBXFileReference; lastKnownFileType = sourcecode.swift; path = HomeView.swift; sourceTree = "<group>"; };
		71810FCB2798504A0039036A /* CircleButtonView.swift */ = {isa = PBXFileReference; lastKnownFileType = sourcecode.swift; path = CircleButtonView.swift; sourceTree = "<group>"; };
		71810FCD279853070039036A /* CircleButtonAnimationView.swift */ = {isa = PBXFileReference; lastKnownFileType = sourcecode.swift; path = CircleButtonAnimationView.swift; sourceTree = "<group>"; };
		71810FD0279855210039036A /* CoinModel.swift */ = {isa = PBXFileReference; lastKnownFileType = sourcecode.swift; path = CoinModel.swift; sourceTree = "<group>"; };
		71810FD227985B330039036A /* CoinRowListView.swift */ = {isa = PBXFileReference; lastKnownFileType = sourcecode.swift; path = CoinRowListView.swift; sourceTree = "<group>"; };
		71810FD42798816E0039036A /* Double.swift */ = {isa = PBXFileReference; lastKnownFileType = sourcecode.swift; path = Double.swift; sourceTree = "<group>"; };
		71810FD7279882010039036A /* Constants.swift */ = {isa = PBXFileReference; lastKnownFileType = sourcecode.swift; path = Constants.swift; sourceTree = "<group>"; };
		71810FD92798831F0039036A /* Bundle-Version.swift */ = {isa = PBXFileReference; lastKnownFileType = sourcecode.swift; path = "Bundle-Version.swift"; sourceTree = "<group>"; };
		71843BC7279ADEF3007F70F0 /* CloudKit.framework */ = {isa = PBXFileReference; lastKnownFileType = wrapper.framework; name = CloudKit.framework; path = System/Library/Frameworks/CloudKit.framework; sourceTree = SDKROOT; };
		71843BCA279ADF2E007F70F0 /* Portfolio.xcdatamodel */ = {isa = PBXFileReference; lastKnownFileType = wrapper.xcdatamodel; path = Portfolio.xcdatamodel; sourceTree = "<group>"; };
		71843BCC279ADFA3007F70F0 /* DataController.swift */ = {isa = PBXFileReference; lastKnownFileType = sourcecode.swift; path = DataController.swift; sourceTree = "<group>"; };
		71843BCE279AE912007F70F0 /* DataController-CloudKit.swift */ = {isa = PBXFileReference; lastKnownFileType = sourcecode.swift; path = "DataController-CloudKit.swift"; sourceTree = "<group>"; };
		71843BD0279AEA1E007F70F0 /* CoreDataHelper.swift */ = {isa = PBXFileReference; lastKnownFileType = sourcecode.swift; path = CoreDataHelper.swift; sourceTree = "<group>"; };
		71902DCE279C66CF00A107C9 /* DetailView.swift */ = {isa = PBXFileReference; lastKnownFileType = sourcecode.swift; path = DetailView.swift; sourceTree = "<group>"; };
		71902DD0279D660300A107C9 /* CoinDetail.swift */ = {isa = PBXFileReference; lastKnownFileType = sourcecode.swift; path = CoinDetail.swift; sourceTree = "<group>"; };
		71902DD2279D680F00A107C9 /* DetailViewModel.swift */ = {isa = PBXFileReference; lastKnownFileType = sourcecode.swift; path = DetailViewModel.swift; sourceTree = "<group>"; };
		71902DD4279D683A00A107C9 /* CoinDetailService.swift */ = {isa = PBXFileReference; lastKnownFileType = sourcecode.swift; path = CoinDetailService.swift; sourceTree = "<group>"; };
		7191826027D9D50200A34695 /* DetailAddPortfolioView.swift */ = {isa = PBXFileReference; lastKnownFileType = sourcecode.swift; path = DetailAddPortfolioView.swift; sourceTree = "<group>"; };
		71C21EC527D70E0500DB3FBF /* FloatingTabBar.swift */ = {isa = PBXFileReference; lastKnownFileType = sourcecode.swift; path = FloatingTabBar.swift; sourceTree = "<group>"; };
		71C21EC727D719CA00DB3FBF /* HomeView2.swift */ = {isa = PBXFileReference; lastKnownFileType = sourcecode.swift; path = HomeView2.swift; sourceTree = "<group>"; };
		71C9380327995AF7003B3235 /* UIApplication.swift */ = {isa = PBXFileReference; lastKnownFileType = sourcecode.swift; path = UIApplication.swift; sourceTree = "<group>"; };
		71C93805279A050E003B3235 /* StatsModel.swift */ = {isa = PBXFileReference; lastKnownFileType = sourcecode.swift; path = StatsModel.swift; sourceTree = "<group>"; };
		71C93809279A0619003B3235 /* StatsView.swift */ = {isa = PBXFileReference; lastKnownFileType = sourcecode.swift; path = StatsView.swift; sourceTree = "<group>"; };
		71C9380B279A08E6003B3235 /* HomeStatsView.swift */ = {isa = PBXFileReference; lastKnownFileType = sourcecode.swift; path = HomeStatsView.swift; sourceTree = "<group>"; };
		71C9380D279A127F003B3235 /* MarketData.swift */ = {isa = PBXFileReference; lastKnownFileType = sourcecode.swift; path = MarketData.swift; sourceTree = "<group>"; };
		71C9380F279A148D003B3235 /* MarketDataService.swift */ = {isa = PBXFileReference; lastKnownFileType = sourcecode.swift; path = MarketDataService.swift; sourceTree = "<group>"; };
		71C93811279A19A6003B3235 /* PortfolioView.swift */ = {isa = PBXFileReference; lastKnownFileType = sourcecode.swift; path = PortfolioView.swift; sourceTree = "<group>"; };
		71C93815279A1F27003B3235 /* CoinLogoView.swift */ = {isa = PBXFileReference; lastKnownFileType = sourcecode.swift; path = CoinLogoView.swift; sourceTree = "<group>"; };
		71E897F427988BB400BCEB89 /* HomeViewModel.swift */ = {isa = PBXFileReference; lastKnownFileType = sourcecode.swift; path = HomeViewModel.swift; sourceTree = "<group>"; };
		71E897F7279891EB00BCEB89 /* CoinDataService.swift */ = {isa = PBXFileReference; lastKnownFileType = sourcecode.swift; path = CoinDataService.swift; sourceTree = "<group>"; };
		71E897F92798963300BCEB89 /* TheMillions.entitlements */ = {isa = PBXFileReference; lastKnownFileType = text.plist.entitlements; path = TheMillions.entitlements; sourceTree = "<group>"; };
		71E897FB27989E7100BCEB89 /* NetworkManager.swift */ = {isa = PBXFileReference; lastKnownFileType = sourcecode.swift; path = NetworkManager.swift; sourceTree = "<group>"; };
		71E897FE2798B65600BCEB89 /* CoinImageView.swift */ = {isa = PBXFileReference; lastKnownFileType = sourcecode.swift; path = CoinImageView.swift; sourceTree = "<group>"; };
		71E898002798B74B00BCEB89 /* CoinImageService.swift */ = {isa = PBXFileReference; lastKnownFileType = sourcecode.swift; path = CoinImageService.swift; sourceTree = "<group>"; };
		71E898022798B86300BCEB89 /* CoinImageVIewModel.swift */ = {isa = PBXFileReference; lastKnownFileType = sourcecode.swift; path = CoinImageVIewModel.swift; sourceTree = "<group>"; };
		71E898062798BF4A00BCEB89 /* LocalFilemanager.swift */ = {isa = PBXFileReference; lastKnownFileType = sourcecode.swift; path = LocalFilemanager.swift; sourceTree = "<group>"; };
/* End PBXFileReference section */

/* Begin PBXFrameworksBuildPhase section */
		71810FAB27984B0D0039036A /* Frameworks */ = {
			isa = PBXFrameworksBuildPhase;
			buildActionMask = 2147483647;
			files = (
				71843BC8279ADEF3007F70F0 /* CloudKit.framework in Frameworks */,
				7113A3EC279EA30A0034A1AB /* BetterSafariView in Frameworks */,
				7181CA4127DB9E2000867ACF /* PartialSheet in Frameworks */,
				7191826427D9FA9300A34695 /* SwiftUIPullToRefresh in Frameworks */,
			);
			runOnlyForDeploymentPostprocessing = 0;
		};
/* End PBXFrameworksBuildPhase section */

/* Begin PBXGroup section */
		7113A3F5279EA3CA0034A1AB /* Controllers */ = {
			isa = PBXGroup;
			children = (
				71843BCC279ADFA3007F70F0 /* DataController.swift */,
				7113A3F6279EA3D70034A1AB /* DataController-Settings.swift */,
				71843BCE279AE912007F70F0 /* DataController-CloudKit.swift */,
			);
			path = Controllers;
			sourceTree = "<group>";
		};
		7113A3F8279EA4630034A1AB /* AppLock */ = {
			isa = PBXGroup;
			children = (
				7113A3F9279EA4630034A1AB /* AppLockViewModel.swift */,
				7113A3FA279EA4630034A1AB /* LockedView.swift */,
			);
			path = AppLock;
			sourceTree = "<group>";
		};
		7113A403279F360D0034A1AB /* Launch */ = {
			isa = PBXGroup;
			children = (
				7113A401279F333C0034A1AB /* Launch Screen.storyboard */,
				7113A404279F36190034A1AB /* LaunchView.swift */,
			);
			path = Launch;
			sourceTree = "<group>";
		};
		7146BF2B279DFAB800FBB88E /* Settings */ = {
			isa = PBXGroup;
			children = (
				7146BF2C279DFAC400FBB88E /* View */,
			);
			path = Settings;
			sourceTree = "<group>";
		};
		7146BF2C279DFAC400FBB88E /* View */ = {
			isa = PBXGroup;
			children = (
				7146BF2D279DFACD00FBB88E /* SettingsView.swift */,
				7113A3EF279EA3700034A1AB /* CustomizationView.swift */,
				7113A3EE279EA3700034A1AB /* MailView.swift */,
				7113A3ED279EA3700034A1AB /* SecurityView.swift */,
				7113A3F0279EA3700034A1AB /* SystemThemeManager.swift */,
			);
			path = View;
			sourceTree = "<group>";
		};
		71810FA527984B0D0039036A = {
			isa = PBXGroup;
			children = (
				71810FB027984B0D0039036A /* TheMillions */,
				71810FAF27984B0D0039036A /* Products */,
				71843BC6279ADEF3007F70F0 /* Frameworks */,
			);
			sourceTree = "<group>";
		};
		71810FAF27984B0D0039036A /* Products */ = {
			isa = PBXGroup;
			children = (
				71810FAE27984B0D0039036A /* The Millions - Portfolio manager.app */,
			);
			name = Products;
			sourceTree = "<group>";
		};
		71810FB027984B0D0039036A /* TheMillions */ = {
			isa = PBXGroup;
			children = (
				7113A3FF279EAA510034A1AB /* AppDelegate.swift */,
				71810FB127984B0D0039036A /* TheMillionsApp.swift */,
				7113A3F5279EA3CA0034A1AB /* Controllers */,
				7113A3F8279EA4630034A1AB /* AppLock */,
				71E897F92798963300BCEB89 /* TheMillions.entitlements */,
				71810FD7279882010039036A /* Constants.swift */,
				71810FCF2798550D0039036A /* Models */,
				71E897FA27989E4F00BCEB89 /* Utilities */,
				71810FC427984F190039036A /* Home */,
				71902DCB279C66A900A107C9 /* Detalis */,
				7146BF2B279DFAB800FBB88E /* Settings */,
				71810FC9279850180039036A /* Components */,
				71810FBF27984D250039036A /* Extensions */,
				71810FB527984B0D0039036A /* Assets.xcassets */,
				7113A403279F360D0034A1AB /* Launch */,
				71810FB327984B0D0039036A /* ContentView.swift */,
				71810FB727984B0D0039036A /* Preview Content */,
			);
			path = TheMillions;
			sourceTree = "<group>";
		};
		71810FB727984B0D0039036A /* Preview Content */ = {
			isa = PBXGroup;
			children = (
				71810FB827984B0D0039036A /* Preview Assets.xcassets */,
			);
			path = "Preview Content";
			sourceTree = "<group>";
		};
		71810FBF27984D250039036A /* Extensions */ = {
			isa = PBXGroup;
			children = (
				7113A3FD279EA4900034A1AB /* NavigationBackButton.swift */,
				71810FC027984D330039036A /* Color.swift */,
				71810FD42798816E0039036A /* Double.swift */,
				71810FD92798831F0039036A /* Bundle-Version.swift */,
				71C9380327995AF7003B3235 /* UIApplication.swift */,
				7146BF27279DEF0100FBB88E /* Date.swift */,
				7146BF29279DF71F00FBB88E /* String.swift */,
			);
			path = Extensions;
			sourceTree = "<group>";
		};
		71810FC427984F190039036A /* Home */ = {
			isa = PBXGroup;
			children = (
				71810FC527984F1E0039036A /* View */,
				71810FC627984F220039036A /* ViewModel */,
			);
			path = Home;
			sourceTree = "<group>";
		};
		71810FC527984F1E0039036A /* View */ = {
			isa = PBXGroup;
			children = (
				71810FC727984F480039036A /* HomeView.swift */,
				71810FD227985B330039036A /* CoinRowListView.swift */,
				71C9380B279A08E6003B3235 /* HomeStatsView.swift */,
				71C93811279A19A6003B3235 /* PortfolioView.swift */,
				71C21EC727D719CA00DB3FBF /* HomeView2.swift */,
			);
			path = View;
			sourceTree = "<group>";
		};
		71810FC627984F220039036A /* ViewModel */ = {
			isa = PBXGroup;
			children = (
				71E897F427988BB400BCEB89 /* HomeViewModel.swift */,
			);
			path = ViewModel;
			sourceTree = "<group>";
		};
		71810FC9279850180039036A /* Components */ = {
			isa = PBXGroup;
			children = (
				71C21EC427D70DF200DB3FBF /* FloatingTabBar */,
				71E897FD2798B64200BCEB89 /* CoinImage */,
				71810FCA2798503D0039036A /* CircleButton */,
				711CAE552799577300445A98 /* SearchBarView.swift */,
				71C93809279A0619003B3235 /* StatsView.swift */,
			);
			path = Components;
			sourceTree = "<group>";
		};
		71810FCA2798503D0039036A /* CircleButton */ = {
			isa = PBXGroup;
			children = (
				71810FCB2798504A0039036A /* CircleButtonView.swift */,
				71810FCD279853070039036A /* CircleButtonAnimationView.swift */,
			);
			path = CircleButton;
			sourceTree = "<group>";
		};
		71810FCF2798550D0039036A /* Models */ = {
			isa = PBXGroup;
			children = (
				71810FD0279855210039036A /* CoinModel.swift */,
				71C93805279A050E003B3235 /* StatsModel.swift */,
				71C9380D279A127F003B3235 /* MarketData.swift */,
				71843BC9279ADF2E007F70F0 /* Portfolio.xcdatamodeld */,
				71902DD0279D660300A107C9 /* CoinDetail.swift */,
			);
			path = Models;
			sourceTree = "<group>";
		};
		71843BC6279ADEF3007F70F0 /* Frameworks */ = {
			isa = PBXGroup;
			children = (
				71843BC7279ADEF3007F70F0 /* CloudKit.framework */,
			);
			name = Frameworks;
			sourceTree = "<group>";
		};
		71902DCB279C66A900A107C9 /* Detalis */ = {
			isa = PBXGroup;
			children = (
				71902DCC279C66B500A107C9 /* View */,
				71902DCD279C66B900A107C9 /* ViewModel */,
			);
			path = Detalis;
			sourceTree = "<group>";
		};
		71902DCC279C66B500A107C9 /* View */ = {
			isa = PBXGroup;
			children = (
				71902DCE279C66CF00A107C9 /* DetailView.swift */,
				7146BF25279DEA6500FBB88E /* LineChartView.swift */,
				7191826027D9D50200A34695 /* DetailAddPortfolioView.swift */,
			);
			path = View;
			sourceTree = "<group>";
		};
		71902DCD279C66B900A107C9 /* ViewModel */ = {
			isa = PBXGroup;
			children = (
				71902DD2279D680F00A107C9 /* DetailViewModel.swift */,
			);
			path = ViewModel;
			sourceTree = "<group>";
		};
		71C21EC427D70DF200DB3FBF /* FloatingTabBar */ = {
			isa = PBXGroup;
			children = (
				71C21EC527D70E0500DB3FBF /* FloatingTabBar.swift */,
			);
			path = FloatingTabBar;
			sourceTree = "<group>";
		};
		71E897F6279891D100BCEB89 /* Services */ = {
			isa = PBXGroup;
			children = (
				71E897F7279891EB00BCEB89 /* CoinDataService.swift */,
				71E898002798B74B00BCEB89 /* CoinImageService.swift */,
				71C9380F279A148D003B3235 /* MarketDataService.swift */,
				71843BD0279AEA1E007F70F0 /* CoreDataHelper.swift */,
				71902DD4279D683A00A107C9 /* CoinDetailService.swift */,
			);
			path = Services;
			sourceTree = "<group>";
		};
		71E897FA27989E4F00BCEB89 /* Utilities */ = {
			isa = PBXGroup;
			children = (
				71E897F6279891D100BCEB89 /* Services */,
				71E897FB27989E7100BCEB89 /* NetworkManager.swift */,
				71E898062798BF4A00BCEB89 /* LocalFilemanager.swift */,
			);
			path = Utilities;
			sourceTree = "<group>";
		};
		71E897FD2798B64200BCEB89 /* CoinImage */ = {
			isa = PBXGroup;
			children = (
				71E897FE2798B65600BCEB89 /* CoinImageView.swift */,
				71E898022798B86300BCEB89 /* CoinImageVIewModel.swift */,
				71C93815279A1F27003B3235 /* CoinLogoView.swift */,
			);
			path = CoinImage;
			sourceTree = "<group>";
		};
/* End PBXGroup section */

/* Begin PBXNativeTarget section */
		71810FAD27984B0D0039036A /* TheMillions */ = {
			isa = PBXNativeTarget;
			buildConfigurationList = 71810FBC27984B0D0039036A /* Build configuration list for PBXNativeTarget "TheMillions" */;
			buildPhases = (
				71810FAA27984B0D0039036A /* Sources */,
				71810FAB27984B0D0039036A /* Frameworks */,
				71810FAC27984B0D0039036A /* Resources */,
			);
			buildRules = (
			);
			dependencies = (
			);
			name = TheMillions;
			packageProductDependencies = (
				7113A3EB279EA30A0034A1AB /* BetterSafariView */,
				7191826327D9FA9300A34695 /* SwiftUIPullToRefresh */,
				7181CA4027DB9E2000867ACF /* PartialSheet */,
			);
			productName = TheMillions;
			productReference = 71810FAE27984B0D0039036A /* The Millions - Portfolio manager.app */;
			productType = "com.apple.product-type.application";
		};
/* End PBXNativeTarget section */

/* Begin PBXProject section */
		71810FA627984B0D0039036A /* Project object */ = {
			isa = PBXProject;
			attributes = {
				BuildIndependentTargetsInParallel = 1;
				LastSwiftUpdateCheck = 1320;
				LastUpgradeCheck = 1320;
				TargetAttributes = {
					71810FAD27984B0D0039036A = {
						CreatedOnToolsVersion = 13.2.1;
					};
				};
			};
			buildConfigurationList = 71810FA927984B0D0039036A /* Build configuration list for PBXProject "TheMillions" */;
			compatibilityVersion = "Xcode 13.0";
			developmentRegion = en;
			hasScannedForEncodings = 0;
			knownRegions = (
				en,
				Base,
			);
			mainGroup = 71810FA527984B0D0039036A;
			packageReferences = (
				7113A3EA279EA30A0034A1AB /* XCRemoteSwiftPackageReference "BetterSafariView" */,
				7191826227D9FA9300A34695 /* XCRemoteSwiftPackageReference "swiftui-pull-to-refresh" */,
				7181CA3F27DB9E2000867ACF /* XCRemoteSwiftPackageReference "PartialSheet" */,
			);
			productRefGroup = 71810FAF27984B0D0039036A /* Products */;
			projectDirPath = "";
			projectRoot = "";
			targets = (
				71810FAD27984B0D0039036A /* TheMillions */,
			);
		};
/* End PBXProject section */

/* Begin PBXResourcesBuildPhase section */
		71810FAC27984B0D0039036A /* Resources */ = {
			isa = PBXResourcesBuildPhase;
			buildActionMask = 2147483647;
			files = (
				7113A402279F333C0034A1AB /* Launch Screen.storyboard in Resources */,
				71810FB927984B0D0039036A /* Preview Assets.xcassets in Resources */,
				71810FB627984B0D0039036A /* Assets.xcassets in Resources */,
			);
			runOnlyForDeploymentPostprocessing = 0;
		};
/* End PBXResourcesBuildPhase section */

/* Begin PBXSourcesBuildPhase section */
		71810FAA27984B0D0039036A /* Sources */ = {
			isa = PBXSourcesBuildPhase;
			buildActionMask = 2147483647;
			files = (
				7146BF2A279DF71F00FBB88E /* String.swift in Sources */,
				71C9380A279A0619003B3235 /* StatsView.swift in Sources */,
				7113A3F2279EA3700034A1AB /* MailView.swift in Sources */,
				71C21EC627D70E0500DB3FBF /* FloatingTabBar.swift in Sources */,
				71810FD327985B330039036A /* CoinRowListView.swift in Sources */,
				71E898072798BF4A00BCEB89 /* LocalFilemanager.swift in Sources */,
				7113A3FE279EA4900034A1AB /* NavigationBackButton.swift in Sources */,
				71902DD5279D683A00A107C9 /* CoinDetailService.swift in Sources */,
				7191826127D9D50200A34695 /* DetailAddPortfolioView.swift in Sources */,
				71843BCF279AE912007F70F0 /* DataController-CloudKit.swift in Sources */,
				71810FB427984B0D0039036A /* ContentView.swift in Sources */,
				71810FC827984F480039036A /* HomeView.swift in Sources */,
				7113A405279F36190034A1AB /* LaunchView.swift in Sources */,
				7113A3F1279EA3700034A1AB /* SecurityView.swift in Sources */,
				71C93810279A148D003B3235 /* MarketDataService.swift in Sources */,
				7113A3F4279EA3700034A1AB /* SystemThemeManager.swift in Sources */,
				71810FDA2798831F0039036A /* Bundle-Version.swift in Sources */,
				71810FB227984B0D0039036A /* TheMillionsApp.swift in Sources */,
				71E897F8279891EC00BCEB89 /* CoinDataService.swift in Sources */,
				7146BF2E279DFACD00FBB88E /* SettingsView.swift in Sources */,
				7113A3FB279EA4630034A1AB /* AppLockViewModel.swift in Sources */,
				71C21EC827D719CA00DB3FBF /* HomeView2.swift in Sources */,
				71810FCC2798504A0039036A /* CircleButtonView.swift in Sources */,
				71C9380427995AF7003B3235 /* UIApplication.swift in Sources */,
				71810FD8279882010039036A /* Constants.swift in Sources */,
				71E897F527988BB400BCEB89 /* HomeViewModel.swift in Sources */,
				71810FC127984D330039036A /* Color.swift in Sources */,
				71C9380C279A08E6003B3235 /* HomeStatsView.swift in Sources */,
				7113A400279EAA510034A1AB /* AppDelegate.swift in Sources */,
				7113A3F7279EA3D70034A1AB /* DataController-Settings.swift in Sources */,
				71E897FC27989E7100BCEB89 /* NetworkManager.swift in Sources */,
				71902DD3279D680F00A107C9 /* DetailViewModel.swift in Sources */,
				711CAE562799577300445A98 /* SearchBarView.swift in Sources */,
				71C93816279A1F27003B3235 /* CoinLogoView.swift in Sources */,
				71E898032798B86300BCEB89 /* CoinImageVIewModel.swift in Sources */,
				71C9380E279A127F003B3235 /* MarketData.swift in Sources */,
				7113A3FC279EA4630034A1AB /* LockedView.swift in Sources */,
				7146BF26279DEA6500FBB88E /* LineChartView.swift in Sources */,
				71843BCB279ADF2E007F70F0 /* Portfolio.xcdatamodeld in Sources */,
				71E897FF2798B65600BCEB89 /* CoinImageView.swift in Sources */,
				71810FCE279853070039036A /* CircleButtonAnimationView.swift in Sources */,
				71C93806279A050E003B3235 /* StatsModel.swift in Sources */,
				71902DCF279C66CF00A107C9 /* DetailView.swift in Sources */,
				71810FD52798816E0039036A /* Double.swift in Sources */,
				71E898012798B74B00BCEB89 /* CoinImageService.swift in Sources */,
				7146BF28279DEF0100FBB88E /* Date.swift in Sources */,
				71902DD1279D660300A107C9 /* CoinDetail.swift in Sources */,
				71810FD1279855210039036A /* CoinModel.swift in Sources */,
				7113A3F3279EA3700034A1AB /* CustomizationView.swift in Sources */,
				71843BD1279AEA1E007F70F0 /* CoreDataHelper.swift in Sources */,
				71C93812279A19A6003B3235 /* PortfolioView.swift in Sources */,
				71843BCD279ADFA3007F70F0 /* DataController.swift in Sources */,
			);
			runOnlyForDeploymentPostprocessing = 0;
		};
/* End PBXSourcesBuildPhase section */

/* Begin XCBuildConfiguration section */
		71810FBA27984B0D0039036A /* Debug */ = {
			isa = XCBuildConfiguration;
			buildSettings = {
				ALWAYS_SEARCH_USER_PATHS = NO;
				CLANG_ANALYZER_NONNULL = YES;
				CLANG_ANALYZER_NUMBER_OBJECT_CONVERSION = YES_AGGRESSIVE;
				CLANG_CXX_LANGUAGE_STANDARD = "gnu++17";
				CLANG_CXX_LIBRARY = "libc++";
				CLANG_ENABLE_MODULES = YES;
				CLANG_ENABLE_OBJC_ARC = YES;
				CLANG_ENABLE_OBJC_WEAK = YES;
				CLANG_WARN_BLOCK_CAPTURE_AUTORELEASING = YES;
				CLANG_WARN_BOOL_CONVERSION = YES;
				CLANG_WARN_COMMA = YES;
				CLANG_WARN_CONSTANT_CONVERSION = YES;
				CLANG_WARN_DEPRECATED_OBJC_IMPLEMENTATIONS = YES;
				CLANG_WARN_DIRECT_OBJC_ISA_USAGE = YES_ERROR;
				CLANG_WARN_DOCUMENTATION_COMMENTS = YES;
				CLANG_WARN_EMPTY_BODY = YES;
				CLANG_WARN_ENUM_CONVERSION = YES;
				CLANG_WARN_INFINITE_RECURSION = YES;
				CLANG_WARN_INT_CONVERSION = YES;
				CLANG_WARN_NON_LITERAL_NULL_CONVERSION = YES;
				CLANG_WARN_OBJC_IMPLICIT_RETAIN_SELF = YES;
				CLANG_WARN_OBJC_LITERAL_CONVERSION = YES;
				CLANG_WARN_OBJC_ROOT_CLASS = YES_ERROR;
				CLANG_WARN_QUOTED_INCLUDE_IN_FRAMEWORK_HEADER = YES;
				CLANG_WARN_RANGE_LOOP_ANALYSIS = YES;
				CLANG_WARN_STRICT_PROTOTYPES = YES;
				CLANG_WARN_SUSPICIOUS_MOVE = YES;
				CLANG_WARN_UNGUARDED_AVAILABILITY = YES_AGGRESSIVE;
				CLANG_WARN_UNREACHABLE_CODE = YES;
				CLANG_WARN__DUPLICATE_METHOD_MATCH = YES;
				COPY_PHASE_STRIP = NO;
				DEBUG_INFORMATION_FORMAT = dwarf;
				ENABLE_STRICT_OBJC_MSGSEND = YES;
				ENABLE_TESTABILITY = YES;
				GCC_C_LANGUAGE_STANDARD = gnu11;
				GCC_DYNAMIC_NO_PIC = NO;
				GCC_NO_COMMON_BLOCKS = YES;
				GCC_OPTIMIZATION_LEVEL = 0;
				GCC_PREPROCESSOR_DEFINITIONS = (
					"DEBUG=1",
					"$(inherited)",
				);
				GCC_WARN_64_TO_32_BIT_CONVERSION = YES;
				GCC_WARN_ABOUT_RETURN_TYPE = YES_ERROR;
				GCC_WARN_UNDECLARED_SELECTOR = YES;
				GCC_WARN_UNINITIALIZED_AUTOS = YES_AGGRESSIVE;
				GCC_WARN_UNUSED_FUNCTION = YES;
				GCC_WARN_UNUSED_VARIABLE = YES;
				IPHONEOS_DEPLOYMENT_TARGET = 15.2;
				MTL_ENABLE_DEBUG_INFO = INCLUDE_SOURCE;
				MTL_FAST_MATH = YES;
				ONLY_ACTIVE_ARCH = YES;
				SDKROOT = iphoneos;
				SWIFT_ACTIVE_COMPILATION_CONDITIONS = DEBUG;
				SWIFT_OPTIMIZATION_LEVEL = "-Onone";
			};
			name = Debug;
		};
		71810FBB27984B0D0039036A /* Release */ = {
			isa = XCBuildConfiguration;
			buildSettings = {
				ALWAYS_SEARCH_USER_PATHS = NO;
				CLANG_ANALYZER_NONNULL = YES;
				CLANG_ANALYZER_NUMBER_OBJECT_CONVERSION = YES_AGGRESSIVE;
				CLANG_CXX_LANGUAGE_STANDARD = "gnu++17";
				CLANG_CXX_LIBRARY = "libc++";
				CLANG_ENABLE_MODULES = YES;
				CLANG_ENABLE_OBJC_ARC = YES;
				CLANG_ENABLE_OBJC_WEAK = YES;
				CLANG_WARN_BLOCK_CAPTURE_AUTORELEASING = YES;
				CLANG_WARN_BOOL_CONVERSION = YES;
				CLANG_WARN_COMMA = YES;
				CLANG_WARN_CONSTANT_CONVERSION = YES;
				CLANG_WARN_DEPRECATED_OBJC_IMPLEMENTATIONS = YES;
				CLANG_WARN_DIRECT_OBJC_ISA_USAGE = YES_ERROR;
				CLANG_WARN_DOCUMENTATION_COMMENTS = YES;
				CLANG_WARN_EMPTY_BODY = YES;
				CLANG_WARN_ENUM_CONVERSION = YES;
				CLANG_WARN_INFINITE_RECURSION = YES;
				CLANG_WARN_INT_CONVERSION = YES;
				CLANG_WARN_NON_LITERAL_NULL_CONVERSION = YES;
				CLANG_WARN_OBJC_IMPLICIT_RETAIN_SELF = YES;
				CLANG_WARN_OBJC_LITERAL_CONVERSION = YES;
				CLANG_WARN_OBJC_ROOT_CLASS = YES_ERROR;
				CLANG_WARN_QUOTED_INCLUDE_IN_FRAMEWORK_HEADER = YES;
				CLANG_WARN_RANGE_LOOP_ANALYSIS = YES;
				CLANG_WARN_STRICT_PROTOTYPES = YES;
				CLANG_WARN_SUSPICIOUS_MOVE = YES;
				CLANG_WARN_UNGUARDED_AVAILABILITY = YES_AGGRESSIVE;
				CLANG_WARN_UNREACHABLE_CODE = YES;
				CLANG_WARN__DUPLICATE_METHOD_MATCH = YES;
				COPY_PHASE_STRIP = NO;
				DEBUG_INFORMATION_FORMAT = "dwarf-with-dsym";
				ENABLE_NS_ASSERTIONS = NO;
				ENABLE_STRICT_OBJC_MSGSEND = YES;
				GCC_C_LANGUAGE_STANDARD = gnu11;
				GCC_NO_COMMON_BLOCKS = YES;
				GCC_WARN_64_TO_32_BIT_CONVERSION = YES;
				GCC_WARN_ABOUT_RETURN_TYPE = YES_ERROR;
				GCC_WARN_UNDECLARED_SELECTOR = YES;
				GCC_WARN_UNINITIALIZED_AUTOS = YES_AGGRESSIVE;
				GCC_WARN_UNUSED_FUNCTION = YES;
				GCC_WARN_UNUSED_VARIABLE = YES;
				IPHONEOS_DEPLOYMENT_TARGET = 15.2;
				MTL_ENABLE_DEBUG_INFO = NO;
				MTL_FAST_MATH = YES;
				SDKROOT = iphoneos;
				SWIFT_COMPILATION_MODE = wholemodule;
				SWIFT_OPTIMIZATION_LEVEL = "-O";
				VALIDATE_PRODUCT = YES;
			};
			name = Release;
		};
		71810FBD27984B0D0039036A /* Debug */ = {
			isa = XCBuildConfiguration;
			buildSettings = {
				ASSETCATALOG_COMPILER_APPICON_NAME = AppIcon;
				ASSETCATALOG_COMPILER_GLOBAL_ACCENT_COLOR_NAME = AccentColor;
				CODE_SIGN_ENTITLEMENTS = TheMillions/TheMillions.entitlements;
				CODE_SIGN_STYLE = Automatic;
				CURRENT_PROJECT_VERSION = 1;
				DEVELOPMENT_ASSET_PATHS = "\"TheMillions/Preview Content\"";
				DEVELOPMENT_TEAM = G6V85GALCN;
				ENABLE_PREVIEWS = YES;
				GENERATE_INFOPLIST_FILE = YES;
				INFOPLIST_KEY_CFBundleDisplayName = "The Millions";
				INFOPLIST_KEY_LSApplicationCategoryType = "public.app-category.finance";
				INFOPLIST_KEY_NSFaceIDUsageDescription = "We need Face ID to unlock this App.";
				INFOPLIST_KEY_UIApplicationSceneManifest_Generation = YES;
				INFOPLIST_KEY_UIApplicationSupportsIndirectInputEvents = YES;
				INFOPLIST_KEY_UILaunchScreen_Generation = YES;
				INFOPLIST_KEY_UILaunchStoryboardName = "Launch Screen";
				INFOPLIST_KEY_UISupportedInterfaceOrientations = UIInterfaceOrientationPortrait;
				INFOPLIST_KEY_UISupportedInterfaceOrientations_iPad = "UIInterfaceOrientationLandscapeLeft UIInterfaceOrientationLandscapeRight UIInterfaceOrientationPortraitUpsideDown";
				IPHONEOS_DEPLOYMENT_TARGET = 15.0;
				LD_RUNPATH_SEARCH_PATHS = (
					"$(inherited)",
					"@executable_path/Frameworks",
				);
				MARKETING_VERSION = 1.0.0;
				PRODUCT_BUNDLE_IDENTIFIER = net.naolin.TheMillions;
				PRODUCT_NAME = "The Millions - Portfolio manager";
				SUPPORTED_PLATFORMS = "iphoneos iphonesimulator";
				SUPPORTS_MACCATALYST = NO;
				SUPPORTS_MAC_DESIGNED_FOR_IPHONE_IPAD = NO;
				SWIFT_EMIT_LOC_STRINGS = YES;
				SWIFT_VERSION = 5.0;
				TARGETED_DEVICE_FAMILY = "1,2";
			};
			name = Debug;
		};
		71810FBE27984B0D0039036A /* Release */ = {
			isa = XCBuildConfiguration;
			buildSettings = {
				ASSETCATALOG_COMPILER_APPICON_NAME = AppIcon;
				ASSETCATALOG_COMPILER_GLOBAL_ACCENT_COLOR_NAME = AccentColor;
				CODE_SIGN_ENTITLEMENTS = TheMillions/TheMillions.entitlements;
				CODE_SIGN_STYLE = Automatic;
				CURRENT_PROJECT_VERSION = 1;
				DEVELOPMENT_ASSET_PATHS = "\"TheMillions/Preview Content\"";
				DEVELOPMENT_TEAM = G6V85GALCN;
				ENABLE_PREVIEWS = YES;
				GENERATE_INFOPLIST_FILE = YES;
				INFOPLIST_KEY_CFBundleDisplayName = "The Millions";
				INFOPLIST_KEY_LSApplicationCategoryType = "public.app-category.finance";
				INFOPLIST_KEY_NSFaceIDUsageDescription = "We need Face ID to unlock this App.";
				INFOPLIST_KEY_UIApplicationSceneManifest_Generation = YES;
				INFOPLIST_KEY_UIApplicationSupportsIndirectInputEvents = YES;
				INFOPLIST_KEY_UILaunchScreen_Generation = YES;
				INFOPLIST_KEY_UILaunchStoryboardName = "Launch Screen";
				INFOPLIST_KEY_UISupportedInterfaceOrientations = UIInterfaceOrientationPortrait;
				INFOPLIST_KEY_UISupportedInterfaceOrientations_iPad = "UIInterfaceOrientationLandscapeLeft UIInterfaceOrientationLandscapeRight UIInterfaceOrientationPortraitUpsideDown";
				IPHONEOS_DEPLOYMENT_TARGET = 15.0;
				LD_RUNPATH_SEARCH_PATHS = (
					"$(inherited)",
					"@executable_path/Frameworks",
				);
				MARKETING_VERSION = 1.0.0;
				PRODUCT_BUNDLE_IDENTIFIER = net.naolin.TheMillions;
				PRODUCT_NAME = "The Millions - Portfolio manager";
				SUPPORTED_PLATFORMS = "iphoneos iphonesimulator";
				SUPPORTS_MACCATALYST = NO;
				SUPPORTS_MAC_DESIGNED_FOR_IPHONE_IPAD = NO;
				SWIFT_EMIT_LOC_STRINGS = YES;
				SWIFT_VERSION = 5.0;
				TARGETED_DEVICE_FAMILY = "1,2";
			};
			name = Release;
		};
/* End XCBuildConfiguration section */

/* Begin XCConfigurationList section */
		71810FA927984B0D0039036A /* Build configuration list for PBXProject "TheMillions" */ = {
			isa = XCConfigurationList;
			buildConfigurations = (
				71810FBA27984B0D0039036A /* Debug */,
				71810FBB27984B0D0039036A /* Release */,
			);
			defaultConfigurationIsVisible = 0;
			defaultConfigurationName = Release;
		};
		71810FBC27984B0D0039036A /* Build configuration list for PBXNativeTarget "TheMillions" */ = {
			isa = XCConfigurationList;
			buildConfigurations = (
				71810FBD27984B0D0039036A /* Debug */,
				71810FBE27984B0D0039036A /* Release */,
			);
			defaultConfigurationIsVisible = 0;
			defaultConfigurationName = Release;
		};
/* End XCConfigurationList section */

/* Begin XCRemoteSwiftPackageReference section */
		7113A3EA279EA30A0034A1AB /* XCRemoteSwiftPackageReference "BetterSafariView" */ = {
			isa = XCRemoteSwiftPackageReference;
			repositoryURL = "https://github.com/stleamist/BetterSafariView.git";
			requirement = {
				branch = main;
				kind = branch;
			};
		};
		7181CA3F27DB9E2000867ACF /* XCRemoteSwiftPackageReference "PartialSheet" */ = {
			isa = XCRemoteSwiftPackageReference;
			repositoryURL = "https://github.com/AndreaMiotto/PartialSheet.git";
			requirement = {
				branch = master;
				kind = branch;
			};
		};
		7191826227D9FA9300A34695 /* XCRemoteSwiftPackageReference "swiftui-pull-to-refresh" */ = {
			isa = XCRemoteSwiftPackageReference;
			repositoryURL = "https://github.com/globulus/swiftui-pull-to-refresh";
			requirement = {
				kind = upToNextMajorVersion;
				minimumVersion = 1.0.0;
			};
		};
/* End XCRemoteSwiftPackageReference section */

/* Begin XCSwiftPackageProductDependency section */
		7113A3EB279EA30A0034A1AB /* BetterSafariView */ = {
			isa = XCSwiftPackageProductDependency;
			package = 7113A3EA279EA30A0034A1AB /* XCRemoteSwiftPackageReference "BetterSafariView" */;
			productName = BetterSafariView;
		};
		7181CA4027DB9E2000867ACF /* PartialSheet */ = {
			isa = XCSwiftPackageProductDependency;
			package = 7181CA3F27DB9E2000867ACF /* XCRemoteSwiftPackageReference "PartialSheet" */;
			productName = PartialSheet;
		};
		7191826327D9FA9300A34695 /* SwiftUIPullToRefresh */ = {
			isa = XCSwiftPackageProductDependency;
			package = 7191826227D9FA9300A34695 /* XCRemoteSwiftPackageReference "swiftui-pull-to-refresh" */;
			productName = SwiftUIPullToRefresh;
		};
/* End XCSwiftPackageProductDependency section */

/* Begin XCVersionGroup section */
		71843BC9279ADF2E007F70F0 /* Portfolio.xcdatamodeld */ = {
			isa = XCVersionGroup;
			children = (
				71843BCA279ADF2E007F70F0 /* Portfolio.xcdatamodel */,
			);
			currentVersion = 71843BCA279ADF2E007F70F0 /* Portfolio.xcdatamodel */;
			path = Portfolio.xcdatamodeld;
			sourceTree = "<group>";
			versionGroupType = wrapper.xcdatamodel;
		};
/* End XCVersionGroup section */
	};
	rootObject = 71810FA627984B0D0039036A /* Project object */;
}
